
Microsoft Visual Studio Solution File, Format Version 12.00
# Visual Studio 2017
Project("{FAE04EC0-301F-11D3-BF4B-00C04F79EFBC}") = "Actimage_OCR_2017", "Actimage_OCR_2017.csproj", "{47B8E5DA-EC08-B4E7-A87A-BF718714CD12}"
EndProject
Project("{FAE04EC0-301F-11D3-BF4B-00C04F79EFBC}") = "Actimage_OCR_2017.Editor", "Actimage_OCR_2017.Editor.csproj", "{93AAFC45-D7F7-5911-1A83-B3C852A8E9AD}"
EndProject
Global
	GlobalSection(SolutionConfigurationPlatforms) = preSolution
		Debug|Any CPU = Debug|Any CPU
		Release|Any CPU = Release|Any CPU
	EndGlobalSection
	GlobalSection(ProjectConfigurationPlatforms) = postSolution
		{47B8E5DA-EC08-B4E7-A87A-BF718714CD12}.Debug|Any CPU.ActiveCfg = Debug|Any CPU
		{47B8E5DA-EC08-B4E7-A87A-BF718714CD12}.Debug|Any CPU.Build.0 = Debug|Any CPU
		{47B8E5DA-EC08-B4E7-A87A-BF718714CD12}.Release|Any CPU.ActiveCfg = Release|Any CPU
		{47B8E5DA-EC08-B4E7-A87A-BF718714CD12}.Release|Any CPU.Build.0 = Release|Any CPU
		{93AAFC45-D7F7-5911-1A83-B3C852A8E9AD}.Debug|Any CPU.ActiveCfg = Debug|Any CPU
		{93AAFC45-D7F7-5911-1A83-B3C852A8E9AD}.Debug|Any CPU.Build.0 = Debug|Any CPU
		{93AAFC45-D7F7-5911-1A83-B3C852A8E9AD}.Release|Any CPU.ActiveCfg = Release|Any CPU
		{93AAFC45-D7F7-5911-1A83-B3C852A8E9AD}.Release|Any CPU.Build.0 = Release|Any CPU
	EndGlobalSection
	GlobalSection(SolutionProperties) = preSolution
		HideSolutionNode = FALSE
	EndGlobalSection
EndGlobal
